
Microsoft Visual Studio Solution File, Format Version 12.00
# Visual Studio 15
Project("{FAE04EC0-301F-11D3-BF4B-00C04F79EFBC}") = "ProtozoaColonies", "ProtozoaColonies\ProtozoaColonies.csproj", "{37FD1581-F2E4-4658-A83E-D39C7FF8DB49}"
EndProject
Project("{FAE04EC0-301F-11D3-BF4B-00C04F79EFBC}") = "ProtozoaColonies.Tests", "ProtozoaColonies.Tests\ProtozoaColonies.Tests.csproj", "{5D63A2EE-5181-426A-ABC6-B96E6C132476}"
EndProject
Global
	GlobalSection(SolutionConfigurationPlatforms) = preSolution
		Debug|Any CPU = Debug|Any CPU
		Release|Any CPU = Release|Any CPU
	EndGlobalSection
	GlobalSection(ProjectConfigurationPlatforms) = postSolution
		{37FD1581-F2E4-4658-A83E-D39C7FF8DB49}.Debug|Any CPU.ActiveCfg = Debug|Any CPU
		{37FD1581-F2E4-4658-A83E-D39C7FF8DB49}.Debug|Any CPU.Build.0 = Debug|Any CPU
		{37FD1581-F2E4-4658-A83E-D39C7FF8DB49}.Release|Any CPU.ActiveCfg = Release|Any CPU
		{37FD1581-F2E4-4658-A83E-D39C7FF8DB49}.Release|Any CPU.Build.0 = Release|Any CPU
		{5D63A2EE-5181-426A-ABC6-B96E6C132476}.Debug|Any CPU.ActiveCfg = Debug|Any CPU
		{5D63A2EE-5181-426A-ABC6-B96E6C132476}.Debug|Any CPU.Build.0 = Debug|Any CPU
		{5D63A2EE-5181-426A-ABC6-B96E6C132476}.Release|Any CPU.ActiveCfg = Release|Any CPU
		{5D63A2EE-5181-426A-ABC6-B96E6C132476}.Release|Any CPU.Build.0 = Release|Any CPU
	EndGlobalSection
EndGlobal
